
Microsoft Visual Studio Solution File, Format Version 12.00
# Visual Studio Version 17
VisualStudioVersion = 17.14.36623.8 d17.14
MinimumVisualStudioVersion = 10.0.40219.1
Project("{FAE04EC0-301F-11D3-BF4B-00C04F79EFBC}") = "WeatherSystemAPI", "WeatherSystemAPI\WeatherSystemAPI.csproj", "{185FD543-9747-44B1-AEAE-9C51E80E92B8}"
EndProject
Project("{FAE04EC0-301F-11D3-BF4B-00C04F79EFBC}") = "WeatherApplication", "WeatherApplication\WeatherApplication.csproj", "{06A4A6D5-200D-4F06-973E-082C03DF1678}"
EndProject
Global
	GlobalSection(SolutionConfigurationPlatforms) = preSolution
		Debug|Any CPU = Debug|Any CPU
		Release|Any CPU = Release|Any CPU
	EndGlobalSection
	GlobalSection(ProjectConfigurationPlatforms) = postSolution
		{185FD543-9747-44B1-AEAE-9C51E80E92B8}.Debug|Any CPU.ActiveCfg = Debug|Any CPU
		{185FD543-9747-44B1-AEAE-9C51E80E92B8}.Debug|Any CPU.Build.0 = Debug|Any CPU
		{185FD543-9747-44B1-AEAE-9C51E80E92B8}.Release|Any CPU.ActiveCfg = Release|Any CPU
		{185FD543-9747-44B1-AEAE-9C51E80E92B8}.Release|Any CPU.Build.0 = Release|Any CPU
		{06A4A6D5-200D-4F06-973E-082C03DF1678}.Debug|Any CPU.ActiveCfg = Debug|Any CPU
		{06A4A6D5-200D-4F06-973E-082C03DF1678}.Debug|Any CPU.Build.0 = Debug|Any CPU
		{06A4A6D5-200D-4F06-973E-082C03DF1678}.Release|Any CPU.ActiveCfg = Release|Any CPU
		{06A4A6D5-200D-4F06-973E-082C03DF1678}.Release|Any CPU.Build.0 = Release|Any CPU
	EndGlobalSection
	GlobalSection(SolutionProperties) = preSolution
		HideSolutionNode = FALSE
	EndGlobalSection
	GlobalSection(ExtensibilityGlobals) = postSolution
		SolutionGuid = {FADE8CED-5B62-47EE-88DF-FBD68B51FE43}
	EndGlobalSection
EndGlobal
